
Microsoft Visual Studio Solution File, Format Version 12.00
# Visual Studio Version 16
VisualStudioVersion = 16.0.30804.86
MinimumVisualStudioVersion = 10.0.40219.1
Project("{FAE04EC0-301F-11D3-BF4B-00C04F79EFBC}") = "CourseMM", "CourseMM.csproj", "{39B4BED0-1232-4246-A9B7-2156C94C9609}"
EndProject
Global
	GlobalSection(SolutionConfigurationPlatforms) = preSolution
		Debug|Any CPU = Debug|Any CPU
		Release|Any CPU = Release|Any CPU
	EndGlobalSection
	GlobalSection(ProjectConfigurationPlatforms) = postSolution
		{39B4BED0-1232-4246-A9B7-2156C94C9609}.Debug|Any CPU.ActiveCfg = Debug|Any CPU
		{39B4BED0-1232-4246-A9B7-2156C94C9609}.Debug|Any CPU.Build.0 = Debug|Any CPU
		{39B4BED0-1232-4246-A9B7-2156C94C9609}.Release|Any CPU.ActiveCfg = Release|Any CPU
		{39B4BED0-1232-4246-A9B7-2156C94C9609}.Release|Any CPU.Build.0 = Release|Any CPU
	EndGlobalSection
	GlobalSection(SolutionProperties) = preSolution
		HideSolutionNode = FALSE
	EndGlobalSection
	GlobalSection(ExtensibilityGlobals) = postSolution
		SolutionGuid = {3D30DC9E-91C8-45F2-BE28-452C6D5CDADC}
	EndGlobalSection
EndGlobal
